
Microsoft Visual Studio Solution File, Format Version 12.00
# Visual Studio Version 17
VisualStudioVersion = 17.11.35222.181
MinimumVisualStudioVersion = 10.0.40219.1
Project("{9A19103F-16F7-4668-BE54-9A1E7A4F7556}") = "InventoryManagementBlazorClient", "InventoryManagementBlazorClient\InventoryManagementBlazorClient.csproj", "{EA409613-554D-4C14-A038-D59B06900936}"
EndProject
Global
	GlobalSection(SolutionConfigurationPlatforms) = preSolution
		Debug|Any CPU = Debug|Any CPU
		Release|Any CPU = Release|Any CPU
	EndGlobalSection
	GlobalSection(ProjectConfigurationPlatforms) = postSolution
		{EA409613-554D-4C14-A038-D59B06900936}.Debug|Any CPU.ActiveCfg = Debug|Any CPU
		{EA409613-554D-4C14-A038-D59B06900936}.Debug|Any CPU.Build.0 = Debug|Any CPU
		{EA409613-554D-4C14-A038-D59B06900936}.Release|Any CPU.ActiveCfg = Release|Any CPU
		{EA409613-554D-4C14-A038-D59B06900936}.Release|Any CPU.Build.0 = Release|Any CPU
	EndGlobalSection
	GlobalSection(SolutionProperties) = preSolution
		HideSolutionNode = FALSE
	EndGlobalSection
	GlobalSection(ExtensibilityGlobals) = postSolution
		SolutionGuid = {56044FD2-B1C1-47CF-B6CC-F304136CC610}
	EndGlobalSection
EndGlobal
